
Microsoft Visual Studio Solution File, Format Version 12.00
# Visual Studio Version 17
VisualStudioVersion = 17.2.32616.157
MinimumVisualStudioVersion = 10.0.40219.1
Project("{FAE04EC0-301F-11D3-BF4B-00C04F79EFBC}") = "qsign", "qsign.csproj", "{5B9EF582-6F01-4DFD-909C-D7A1E70F9933}"
EndProject
Global
	GlobalSection(SolutionConfigurationPlatforms) = preSolution
		Debug|Any CPU = Debug|Any CPU
		Release|Any CPU = Release|Any CPU
	EndGlobalSection
	GlobalSection(ProjectConfigurationPlatforms) = postSolution
		{5B9EF582-6F01-4DFD-909C-D7A1E70F9933}.Debug|Any CPU.ActiveCfg = Debug|Any CPU
		{5B9EF582-6F01-4DFD-909C-D7A1E70F9933}.Debug|Any CPU.Build.0 = Debug|Any CPU
		{5B9EF582-6F01-4DFD-909C-D7A1E70F9933}.Release|Any CPU.ActiveCfg = Release|Any CPU
		{5B9EF582-6F01-4DFD-909C-D7A1E70F9933}.Release|Any CPU.Build.0 = Release|Any CPU
	EndGlobalSection
	GlobalSection(SolutionProperties) = preSolution
		HideSolutionNode = FALSE
	EndGlobalSection
	GlobalSection(ExtensibilityGlobals) = postSolution
		SolutionGuid = {0B0B0EAB-56E1-415C-87D0-C2CD4A83E393}
	EndGlobalSection
EndGlobal
